
Microsoft Visual Studio Solution File, Format Version 12.00
# Visual Studio 15
VisualStudioVersion = 15.0.28307.438
MinimumVisualStudioVersion = 10.0.40219.1
Project("{FAE04EC0-301F-11D3-BF4B-00C04F79EFBC}") = "WebServicesDemo", "WebServicesDemo\WebServicesDemo.csproj", "{47C00DDF-9584-4B90-9F58-058228A15746}"
EndProject
Project("{FAE04EC0-301F-11D3-BF4B-00C04F79EFBC}") = "HelloWebClient", "HelloWebClient\HelloWebClient.csproj", "{80776580-6B00-4CAA-B474-FC59FC330B92}"
	ProjectSection(ProjectDependencies) = postProject
		{47C00DDF-9584-4B90-9F58-058228A15746} = {47C00DDF-9584-4B90-9F58-058228A15746}
	EndProjectSection
EndProject
Global
	GlobalSection(SolutionConfigurationPlatforms) = preSolution
		Debug|Any CPU = Debug|Any CPU
		Release|Any CPU = Release|Any CPU
	EndGlobalSection
	GlobalSection(ProjectConfigurationPlatforms) = postSolution
		{47C00DDF-9584-4B90-9F58-058228A15746}.Debug|Any CPU.ActiveCfg = Debug|Any CPU
		{47C00DDF-9584-4B90-9F58-058228A15746}.Debug|Any CPU.Build.0 = Debug|Any CPU
		{47C00DDF-9584-4B90-9F58-058228A15746}.Release|Any CPU.ActiveCfg = Release|Any CPU
		{47C00DDF-9584-4B90-9F58-058228A15746}.Release|Any CPU.Build.0 = Release|Any CPU
		{80776580-6B00-4CAA-B474-FC59FC330B92}.Debug|Any CPU.ActiveCfg = Debug|Any CPU
		{80776580-6B00-4CAA-B474-FC59FC330B92}.Debug|Any CPU.Build.0 = Debug|Any CPU
		{80776580-6B00-4CAA-B474-FC59FC330B92}.Release|Any CPU.ActiveCfg = Release|Any CPU
		{80776580-6B00-4CAA-B474-FC59FC330B92}.Release|Any CPU.Build.0 = Release|Any CPU
	EndGlobalSection
	GlobalSection(SolutionProperties) = preSolution
		HideSolutionNode = FALSE
	EndGlobalSection
	GlobalSection(ExtensibilityGlobals) = postSolution
		SolutionGuid = {2058648F-FD0D-45F6-8042-A2744F15948C}
	EndGlobalSection
EndGlobal
